
Microsoft Visual Studio Solution File, Format Version 12.00
# Visual Studio Version 17
VisualStudioVersion = 17.4.33205.214
MinimumVisualStudioVersion = 10.0.40219.1
Project("{FAE04EC0-301F-11D3-BF4B-00C04F79EFBC}") = "api-teste", "api-teste\api-teste.csproj", "{3007A865-00FE-4374-84C5-0A855A8BAD99}"
EndProject
Global
	GlobalSection(SolutionConfigurationPlatforms) = preSolution
		Debug|Any CPU = Debug|Any CPU
		Release|Any CPU = Release|Any CPU
	EndGlobalSection
	GlobalSection(ProjectConfigurationPlatforms) = postSolution
		{3007A865-00FE-4374-84C5-0A855A8BAD99}.Debug|Any CPU.ActiveCfg = Debug|Any CPU
		{3007A865-00FE-4374-84C5-0A855A8BAD99}.Debug|Any CPU.Build.0 = Debug|Any CPU
		{3007A865-00FE-4374-84C5-0A855A8BAD99}.Release|Any CPU.ActiveCfg = Release|Any CPU
		{3007A865-00FE-4374-84C5-0A855A8BAD99}.Release|Any CPU.Build.0 = Release|Any CPU
	EndGlobalSection
	GlobalSection(SolutionProperties) = preSolution
		HideSolutionNode = FALSE
	EndGlobalSection
	GlobalSection(ExtensibilityGlobals) = postSolution
		SolutionGuid = {80201F51-68E4-40BE-B43D-3E2D9FAB8BAB}
	EndGlobalSection
EndGlobal
